// !$*UTF8*$!
{
	archiveVersion = 1;
	classes = {
	};
	objectVersion = 46;
	objects = {

/* Begin PBXBuildFile section */
		743E36BA1D41F9BF00F8815B /* AppDelegate.swift in Sources */ = {isa = PBXBuildFile; fileRef = 743E36B91D41F9BF00F8815B /* AppDelegate.swift */; };
		743E36BC1D41F9BF00F8815B /* LoginViewController.swift in Sources */ = {isa = PBXBuildFile; fileRef = 743E36BB1D41F9BF00F8815B /* LoginViewController.swift */; };
		743E36BF1D41F9BF00F8815B /* Main.storyboard in Resources */ = {isa = PBXBuildFile; fileRef = 743E36BD1D41F9BF00F8815B /* Main.storyboard */; };
		743E36C11D41F9BF00F8815B /* Assets.xcassets in Resources */ = {isa = PBXBuildFile; fileRef = 743E36C01D41F9BF00F8815B /* Assets.xcassets */; };
		743E36C41D41F9BF00F8815B /* LaunchScreen.storyboard in Resources */ = {isa = PBXBuildFile; fileRef = 743E36C21D41F9BF00F8815B /* LaunchScreen.storyboard */; };
		746872D21D4469CA0010554A /* DetailViewController.swift in Sources */ = {isa = PBXBuildFile; fileRef = 746872D11D4469CA0010554A /* DetailViewController.swift */; };
		746872D41D44B2060010554A /* ComposeViewController.swift in Sources */ = {isa = PBXBuildFile; fileRef = 746872D31D44B2060010554A /* ComposeViewController.swift */; };
		746E0B531D430A0900EF3830 /* User.swift in Sources */ = {isa = PBXBuildFile; fileRef = 746E0B521D430A0900EF3830 /* User.swift */; };
		746E0B551D430A1100EF3830 /* Tweet.swift in Sources */ = {isa = PBXBuildFile; fileRef = 746E0B541D430A1100EF3830 /* Tweet.swift */; };
		746E0B581D430CD300EF3830 /* TwitterClient.swift in Sources */ = {isa = PBXBuildFile; fileRef = 746E0B571D430CD300EF3830 /* TwitterClient.swift */; };
		746E0B5B1D43114B00EF3830 /* TweetsViewController.swift in Sources */ = {isa = PBXBuildFile; fileRef = 746E0B5A1D43114B00EF3830 /* TweetsViewController.swift */; };
		746E0B5E1D43228E00EF3830 /* TweetCell.swift in Sources */ = {isa = PBXBuildFile; fileRef = 746E0B5D1D43228E00EF3830 /* TweetCell.swift */; };
		79154EB18805085724A47E61 /* Pods_Twitteralization.framework in Frameworks */ = {isa = PBXBuildFile; fileRef = 2E6FC6C3E90A7F4C90226A0F /* Pods_Twitteralization.framework */; };
/* End PBXBuildFile section */

/* Begin PBXFileReference section */
		2E6FC6C3E90A7F4C90226A0F /* Pods_Twitteralization.framework */ = {isa = PBXFileReference; explicitFileType = wrapper.framework; includeInIndex = 0; path = Pods_Twitteralization.framework; sourceTree = BUILT_PRODUCTS_DIR; };
		743E36B61D41F9BF00F8815B /* Twitteralization.app */ = {isa = PBXFileReference; explicitFileType = wrapper.application; includeInIndex = 0; path = Twitteralization.app; sourceTree = BUILT_PRODUCTS_DIR; };
		743E36B91D41F9BF00F8815B /* AppDelegate.swift */ = {isa = PBXFileReference; lastKnownFileType = sourcecode.swift; path = AppDelegate.swift; sourceTree = "<group>"; };
		743E36BB1D41F9BF00F8815B /* LoginViewController.swift */ = {isa = PBXFileReference; lastKnownFileType = sourcecode.swift; path = LoginViewController.swift; sourceTree = "<group>"; };
		743E36BE1D41F9BF00F8815B /* Base */ = {isa = PBXFileReference; lastKnownFileType = file.storyboard; name = Base; path = Base.lproj/Main.storyboard; sourceTree = "<group>"; };
		743E36C01D41F9BF00F8815B /* Assets.xcassets */ = {isa = PBXFileReference; lastKnownFileType = folder.assetcatalog; path = Assets.xcassets; sourceTree = "<group>"; };
		743E36C31D41F9BF00F8815B /* Base */ = {isa = PBXFileReference; lastKnownFileType = file.storyboard; name = Base; path = Base.lproj/LaunchScreen.storyboard; sourceTree = "<group>"; };
		743E36C51D41F9BF00F8815B /* Info.plist */ = {isa = PBXFileReference; lastKnownFileType = text.plist.xml; path = Info.plist; sourceTree = "<group>"; };
		746872D11D4469CA0010554A /* DetailViewController.swift */ = {isa = PBXFileReference; fileEncoding = 4; lastKnownFileType = sourcecode.swift; path = DetailViewController.swift; sourceTree = "<group>"; };
		746872D31D44B2060010554A /* ComposeViewController.swift */ = {isa = PBXFileReference; fileEncoding = 4; lastKnownFileType = sourcecode.swift; path = ComposeViewController.swift; sourceTree = "<group>"; };
		746E0B521D430A0900EF3830 /* User.swift */ = {isa = PBXFileReference; fileEncoding = 4; lastKnownFileType = sourcecode.swift; path = User.swift; sourceTree = "<group>"; };
		746E0B541D430A1100EF3830 /* Tweet.swift */ = {isa = PBXFileReference; fileEncoding = 4; lastKnownFileType = sourcecode.swift; path = Tweet.swift; sourceTree = "<group>"; };
		746E0B571D430CD300EF3830 /* TwitterClient.swift */ = {isa = PBXFileReference; fileEncoding = 4; lastKnownFileType = sourcecode.swift; path = TwitterClient.swift; sourceTree = "<group>"; };
		746E0B5A1D43114B00EF3830 /* TweetsViewController.swift */ = {isa = PBXFileReference; fileEncoding = 4; lastKnownFileType = sourcecode.swift; path = TweetsViewController.swift; sourceTree = "<group>"; };
		746E0B5D1D43228E00EF3830 /* TweetCell.swift */ = {isa = PBXFileReference; fileEncoding = 4; lastKnownFileType = sourcecode.swift; path = TweetCell.swift; sourceTree = "<group>"; };
		AFFD4241CEF6EE8C3421C27C /* Pods-Twitteralization.debug.xcconfig */ = {isa = PBXFileReference; includeInIndex = 1; lastKnownFileType = text.xcconfig; name = "Pods-Twitteralization.debug.xcconfig"; path = "Pods/Target Support Files/Pods-Twitteralization/Pods-Twitteralization.debug.xcconfig"; sourceTree = "<group>"; };
		B107284BBF93CF72A1A408D5 /* Pods-Twitteralization.release.xcconfig */ = {isa = PBXFileReference; includeInIndex = 1; lastKnownFileType = text.xcconfig; name = "Pods-Twitteralization.release.xcconfig"; path = "Pods/Target Support Files/Pods-Twitteralization/Pods-Twitteralization.release.xcconfig"; sourceTree = "<group>"; };
/* End PBXFileReference section */

/* Begin PBXFrameworksBuildPhase section */
		743E36B31D41F9BF00F8815B /* Frameworks */ = {
			isa = PBXFrameworksBuildPhase;
			buildActionMask = 2147483647;
			files = (
				79154EB18805085724A47E61 /* Pods_Twitteralization.framework in Frameworks */,
			);
			runOnlyForDeploymentPostprocessing = 0;
		};
/* End PBXFrameworksBuildPhase section */

/* Begin PBXGroup section */
		743E36AD1D41F9BF00F8815B = {
			isa = PBXGroup;
			children = (
				743E36B81D41F9BF00F8815B /* Twitteralization */,
				743E36B71D41F9BF00F8815B /* Products */,
				7D00A11EDF6B416189480064 /* Pods */,
				86D331D6A3C9E2C0C951FF13 /* Frameworks */,
			);
			sourceTree = "<group>";
		};
		743E36B71D41F9BF00F8815B /* Products */ = {
			isa = PBXGroup;
			children = (
				743E36B61D41F9BF00F8815B /* Twitteralization.app */,
			);
			name = Products;
			sourceTree = "<group>";
		};
		743E36B81D41F9BF00F8815B /* Twitteralization */ = {
			isa = PBXGroup;
			children = (
				743E36B91D41F9BF00F8815B /* AppDelegate.swift */,
				746E0B591D430CD600EF3830 /* API */,
				746E0B561D430A1400EF3830 /* Models */,
				746E0B5F1D432E9000EF3830 /* Views */,
				746E0B5C1D43115100EF3830 /* View Controller */,
				743E36C01D41F9BF00F8815B /* Assets.xcassets */,
				743E36BD1D41F9BF00F8815B /* Main.storyboard */,
				743E36C21D41F9BF00F8815B /* LaunchScreen.storyboard */,
				743E36C51D41F9BF00F8815B /* Info.plist */,
			);
			path = Twitteralization;
			sourceTree = "<group>";
		};
		746E0B561D430A1400EF3830 /* Models */ = {
			isa = PBXGroup;
			children = (
				746E0B521D430A0900EF3830 /* User.swift */,
				746E0B541D430A1100EF3830 /* Tweet.swift */,
			);
			name = Models;
			sourceTree = "<group>";
		};
		746E0B591D430CD600EF3830 /* API */ = {
			isa = PBXGroup;
			children = (
				746E0B571D430CD300EF3830 /* TwitterClient.swift */,
			);
			name = API;
			sourceTree = "<group>";
		};
		746E0B5C1D43115100EF3830 /* View Controller */ = {
			isa = PBXGroup;
			children = (
				743E36BB1D41F9BF00F8815B /* LoginViewController.swift */,
				746E0B5A1D43114B00EF3830 /* TweetsViewController.swift */,
				746872D11D4469CA0010554A /* DetailViewController.swift */,
				746872D31D44B2060010554A /* ComposeViewController.swift */,
			);
			name = "View Controller";
			sourceTree = "<group>";
		};
		746E0B5F1D432E9000EF3830 /* Views */ = {
			isa = PBXGroup;
			children = (
				746E0B5D1D43228E00EF3830 /* TweetCell.swift */,
			);
			name = Views;
			sourceTree = "<group>";
		};
		7D00A11EDF6B416189480064 /* Pods */ = {
			isa = PBXGroup;
			children = (
				AFFD4241CEF6EE8C3421C27C /* Pods-Twitteralization.debug.xcconfig */,
				B107284BBF93CF72A1A408D5 /* Pods-Twitteralization.release.xcconfig */,
			);
			name = Pods;
			sourceTree = "<group>";
		};
		86D331D6A3C9E2C0C951FF13 /* Frameworks */ = {
			isa = PBXGroup;
			children = (
				2E6FC6C3E90A7F4C90226A0F /* Pods_Twitteralization.framework */,
			);
			name = Frameworks;
			sourceTree = "<group>";
		};
/* End PBXGroup section */

/* Begin PBXNativeTarget section */
		743E36B51D41F9BF00F8815B /* Twitteralization */ = {
			isa = PBXNativeTarget;
			buildConfigurationList = 743E36C81D41F9BF00F8815B /* Build configuration list for PBXNativeTarget "Twitteralization" */;
			buildPhases = (
				AB1F0647B19829F79A3E641E /* [CP] Check Pods Manifest.lock */,
				743E36B21D41F9BF00F8815B /* Sources */,
				743E36B31D41F9BF00F8815B /* Frameworks */,
				743E36B41D41F9BF00F8815B /* Resources */,
				C80D300AF435F40AEDD7E93B /* [CP] Embed Pods Frameworks */,
				8E711DBA5A9A9D148EE7708F /* [CP] Copy Pods Resources */,
			);
			buildRules = (
			);
			dependencies = (
			);
			name = Twitteralization;
			productName = Twitteralization;
			productReference = 743E36B61D41F9BF00F8815B /* Twitteralization.app */;
			productType = "com.apple.product-type.application";
		};
/* End PBXNativeTarget section */

/* Begin PBXProject section */
		743E36AE1D41F9BF00F8815B /* Project object */ = {
			isa = PBXProject;
			attributes = {
				LastSwiftUpdateCheck = 0730;
				LastUpgradeCheck = 0730;
				ORGANIZATIONNAME = "Dinh Quang Hieu";
				TargetAttributes = {
					743E36B51D41F9BF00F8815B = {
						CreatedOnToolsVersion = 7.3.1;
						DevelopmentTeam = BH46VD9229;
					};
				};
			};
			buildConfigurationList = 743E36B11D41F9BF00F8815B /* Build configuration list for PBXProject "Twitteralization" */;
			compatibilityVersion = "Xcode 3.2";
			developmentRegion = English;
			hasScannedForEncodings = 0;
			knownRegions = (
				en,
				Base,
			);
			mainGroup = 743E36AD1D41F9BF00F8815B;
			productRefGroup = 743E36B71D41F9BF00F8815B /* Products */;
			projectDirPath = "";
			projectRoot = "";
			targets = (
				743E36B51D41F9BF00F8815B /* Twitteralization */,
			);
		};
/* End PBXProject section */

/* Begin PBXResourcesBuildPhase section */
		743E36B41D41F9BF00F8815B /* Resources */ = {
			isa = PBXResourcesBuildPhase;
			buildActionMask = 2147483647;
			files = (
				743E36C41D41F9BF00F8815B /* LaunchScreen.storyboard in Resources */,
				743E36C11D41F9BF00F8815B /* Assets.xcassets in Resources */,
				743E36BF1D41F9BF00F8815B /* Main.storyboard in Resources */,
			);
			runOnlyForDeploymentPostprocessing = 0;
		};
/* End PBXResourcesBuildPhase section */

/* Begin PBXShellScriptBuildPhase section */
		8E711DBA5A9A9D148EE7708F /* [CP] Copy Pods Resources */ = {
			isa = PBXShellScriptBuildPhase;
			buildActionMask = 2147483647;
			files = (
			);
			inputPaths = (
			);
			name = "[CP] Copy Pods Resources";
			outputPaths = (
			);
			runOnlyForDeploymentPostprocessing = 0;
			shellPath = /bin/sh;
			shellScript = "\"${SRCROOT}/Pods/Target Support Files/Pods-Twitteralization/Pods-Twitteralization-resources.sh\"\n";
			showEnvVarsInLog = 0;
		};
		AB1F0647B19829F79A3E641E /* [CP] Check Pods Manifest.lock */ = {
			isa = PBXShellScriptBuildPhase;
			buildActionMask = 2147483647;
			files = (
			);
			inputPaths = (
			);
			name = "[CP] Check Pods Manifest.lock";
			outputPaths = (
			);
			runOnlyForDeploymentPostprocessing = 0;
			shellPath = /bin/sh;
			shellScript = "diff \"${PODS_ROOT}/../Podfile.lock\" \"${PODS_ROOT}/Manifest.lock\" > /dev/null\nif [[ $? != 0 ]] ; then\n    cat << EOM\nerror: The sandbox is not in sync with the Podfile.lock. Run 'pod install' or update your CocoaPods installation.\nEOM\n    exit 1\nfi\n";
			showEnvVarsInLog = 0;
		};
		C80D300AF435F40AEDD7E93B /* [CP] Embed Pods Frameworks */ = {
			isa = PBXShellScriptBuildPhase;
			buildActionMask = 2147483647;
			files = (
			);
			inputPaths = (
			);
			name = "[CP] Embed Pods Frameworks";
			outputPaths = (
			);
			runOnlyForDeploymentPostprocessing = 0;
			shellPath = /bin/sh;
			shellScript = "\"${SRCROOT}/Pods/Target Support Files/Pods-Twitteralization/Pods-Twitteralization-frameworks.sh\"\n";
			showEnvVarsInLog = 0;
		};
/* End PBXShellScriptBuildPhase section */

/* Begin PBXSourcesBuildPhase section */
		743E36B21D41F9BF00F8815B /* Sources */ = {
			isa = PBXSourcesBuildPhase;
			buildActionMask = 2147483647;
			files = (
				746872D41D44B2060010554A /* ComposeViewController.swift in Sources */,
				746E0B581D430CD300EF3830 /* TwitterClient.swift in Sources */,
				746E0B5E1D43228E00EF3830 /* TweetCell.swift in Sources */,
				743E36BC1D41F9BF00F8815B /* LoginViewController.swift in Sources */,
				746E0B5B1D43114B00EF3830 /* TweetsViewController.swift in Sources */,
				743E36BA1D41F9BF00F8815B /* AppDelegate.swift in Sources */,
				746E0B531D430A0900EF3830 /* User.swift in Sources */,
				746E0B551D430A1100EF3830 /* Tweet.swift in Sources */,
				746872D21D4469CA0010554A /* DetailViewController.swift in Sources */,
			);
			runOnlyForDeploymentPostprocessing = 0;
		};
/* End PBXSourcesBuildPhase section */

/* Begin PBXVariantGroup section */
		743E36BD1D41F9BF00F8815B /* Main.storyboard */ = {
			isa = PBXVariantGroup;
			children = (
				743E36BE1D41F9BF00F8815B /* Base */,
			);
			name = Main.storyboard;
			sourceTree = "<group>";
		};
		743E36C21D41F9BF00F8815B /* LaunchScreen.storyboard */ = {
			isa = PBXVariantGroup;
			children = (
				743E36C31D41F9BF00F8815B /* Base */,
			);
			name = LaunchScreen.storyboard;
			sourceTree = "<group>";
		};
/* End PBXVariantGroup section */

/* Begin XCBuildConfiguration section */
		743E36C61D41F9BF00F8815B /* Debug */ = {
			isa = XCBuildConfiguration;
			buildSettings = {
				ALWAYS_SEARCH_USER_PATHS = NO;
				CLANG_ANALYZER_NONNULL = YES;
				CLANG_CXX_LANGUAGE_STANDARD = "gnu++0x";
				CLANG_CXX_LIBRARY = "libc++";
				CLANG_ENABLE_MODULES = YES;
				CLANG_ENABLE_OBJC_ARC = YES;
				CLANG_WARN_BOOL_CONVERSION = YES;
				CLANG_WARN_CONSTANT_CONVERSION = YES;
				CLANG_WARN_DIRECT_OBJC_ISA_USAGE = YES_ERROR;
				CLANG_WARN_EMPTY_BODY = YES;
				CLANG_WARN_ENUM_CONVERSION = YES;
				CLANG_WARN_INT_CONVERSION = YES;
				CLANG_WARN_OBJC_ROOT_CLASS = YES_ERROR;
				CLANG_WARN_UNREACHABLE_CODE = YES;
				CLANG_WARN__DUPLICATE_METHOD_MATCH = YES;
				"CODE_SIGN_IDENTITY[sdk=iphoneos*]" = "iPhone Developer";
				COPY_PHASE_STRIP = NO;
				DEBUG_INFORMATION_FORMAT = dwarf;
				ENABLE_STRICT_OBJC_MSGSEND = YES;
				ENABLE_TESTABILITY = YES;
				GCC_C_LANGUAGE_STANDARD = gnu99;
				GCC_DYNAMIC_NO_PIC = NO;
				GCC_NO_COMMON_BLOCKS = YES;
				GCC_OPTIMIZATION_LEVEL = 0;
				GCC_PREPROCESSOR_DEFINITIONS = (
					"DEBUG=1",
					"$(inherited)",
				);
				GCC_WARN_64_TO_32_BIT_CONVERSION = YES;
				GCC_WARN_ABOUT_RETURN_TYPE = YES_ERROR;
				GCC_WARN_UNDECLARED_SELECTOR = YES;
				GCC_WARN_UNINITIALIZED_AUTOS = YES_AGGRESSIVE;
				GCC_WARN_UNUSED_FUNCTION = YES;
				GCC_WARN_UNUSED_VARIABLE = YES;
				IPHONEOS_DEPLOYMENT_TARGET = 9.3;
				MTL_ENABLE_DEBUG_INFO = YES;
				ONLY_ACTIVE_ARCH = YES;
				SDKROOT = iphoneos;
				SWIFT_OPTIMIZATION_LEVEL = "-Onone";
			};
			name = Debug;
		};
		743E36C71D41F9BF00F8815B /* Release */ = {
			isa = XCBuildConfiguration;
			buildSettings = {
				ALWAYS_SEARCH_USER_PATHS = NO;
				CLANG_ANALYZER_NONNULL = YES;
				CLANG_CXX_LANGUAGE_STANDARD = "gnu++0x";
				CLANG_CXX_LIBRARY = "libc++";
				CLANG_ENABLE_MODULES = YES;
				CLANG_ENABLE_OBJC_ARC = YES;
				CLANG_WARN_BOOL_CONVERSION = YES;
				CLANG_WARN_CONSTANT_CONVERSION = YES;
				CLANG_WARN_DIRECT_OBJC_ISA_USAGE = YES_ERROR;
				CLANG_WARN_EMPTY_BODY = YES;
				CLANG_WARN_ENUM_CONVERSION = YES;
				CLANG_WARN_INT_CONVERSION = YES;
				CLANG_WARN_OBJC_ROOT_CLASS = YES_ERROR;
				CLANG_WARN_UNREACHABLE_CODE = YES;
				CLANG_WARN__DUPLICATE_METHOD_MATCH = YES;
				"CODE_SIGN_IDENTITY[sdk=iphoneos*]" = "iPhone Developer";
				COPY_PHASE_STRIP = NO;
				DEBUG_INFORMATION_FORMAT = "dwarf-with-dsym";
				ENABLE_NS_ASSERTIONS = NO;
				ENABLE_STRICT_OBJC_MSGSEND = YES;
				GCC_C_LANGUAGE_STANDARD = gnu99;
				GCC_NO_COMMON_BLOCKS = YES;
				GCC_WARN_64_TO_32_BIT_CONVERSION = YES;
				GCC_WARN_ABOUT_RETURN_TYPE = YES_ERROR;
				GCC_WARN_UNDECLARED_SELECTOR = YES;
				GCC_WARN_UNINITIALIZED_AUTOS = YES_AGGRESSIVE;
				GCC_WARN_UNUSED_FUNCTION = YES;
				GCC_WARN_UNUSED_VARIABLE = YES;
				IPHONEOS_DEPLOYMENT_TARGET = 9.3;
				MTL_ENABLE_DEBUG_INFO = NO;
				SDKROOT = iphoneos;
				VALIDATE_PRODUCT = YES;
			};
			name = Release;
		};
		743E36C91D41F9BF00F8815B /* Debug */ = {
			isa = XCBuildConfiguration;
			baseConfigurationReference = AFFD4241CEF6EE8C3421C27C /* Pods-Twitteralization.debug.xcconfig */;
			buildSettings = {
				ASSETCATALOG_COMPILER_APPICON_NAME = AppIcon;
				INFOPLIST_FILE = Twitteralization/Info.plist;
				LD_RUNPATH_SEARCH_PATHS = "$(inherited) @executable_path/Frameworks";
				PRODUCT_BUNDLE_IDENTIFIER = com.dqhieu.Twitteralization;
				PRODUCT_NAME = "$(TARGET_NAME)";
			};
			name = Debug;
		};
		743E36CA1D41F9BF00F8815B /* Release */ = {
			isa = XCBuildConfiguration;
			baseConfigurationReference = B107284BBF93CF72A1A408D5 /* Pods-Twitteralization.release.xcconfig */;
			buildSettings = {
				ASSETCATALOG_COMPILER_APPICON_NAME = AppIcon;
				INFOPLIST_FILE = Twitteralization/Info.plist;
				LD_RUNPATH_SEARCH_PATHS = "$(inherited) @executable_path/Frameworks";
				PRODUCT_BUNDLE_IDENTIFIER = com.dqhieu.Twitteralization;
				PRODUCT_NAME = "$(TARGET_NAME)";
			};
			name = Release;
		};
/* End XCBuildConfiguration section */

/* Begin XCConfigurationList section */
		743E36B11D41F9BF00F8815B /* Build configuration list for PBXProject "Twitteralization" */ = {
			isa = XCConfigurationList;
			buildConfigurations = (
				743E36C61D41F9BF00F8815B /* Debug */,
				743E36C71D41F9BF00F8815B /* Release */,
			);
			defaultConfigurationIsVisible = 0;
			defaultConfigurationName = Release;
		};
		743E36C81D41F9BF00F8815B /* Build configuration list for PBXNativeTarget "Twitteralization" */ = {
			isa = XCConfigurationList;
			buildConfigurations = (
				743E36C91D41F9BF00F8815B /* Debug */,
				743E36CA1D41F9BF00F8815B /* Release */,
			);
			defaultConfigurationIsVisible = 0;
			defaultConfigurationName = Release;
		};
/* End XCConfigurationList section */
	};
	rootObject = 743E36AE1D41F9BF00F8815B /* Project object */;
}
